{
  "name": "doggettsfarm.com",
  "version": "0.1.0",
  "lockfileVersion": 1,
  "requires": true,
  "dependencies": {
    "govuk-frontend": {
      "version": "4.4.1",
      "resolved": "https://registry.npmjs.org/govuk-frontend/-/govuk-frontend-4.4.1.tgz",
      "integrity": "sha512-Jm1LUWiH9vy47b6HSH/ksSb4ueBrtTTgyLBk+3X2qqAmmFUc1AXWLSYHid07YYu1tvn9RnodWk5Bac5Ywqk6tA=="
    }
  }
}
